// !$*UTF8*$!
{
	archiveVersion = 1;
	classes = {
	};
	objectVersion = 46;
	objects = {

/* Begin PBXBuildFile section */
		E03BBC631C04B8DF0043D252 /* AppDelegate.swift in Sources */ = {isa = PBXBuildFile; fileRef = E03BBC621C04B8DF0043D252 /* AppDelegate.swift */; };
		E03BBC651C04B8DF0043D252 /* ViewController.swift in Sources */ = {isa = PBXBuildFile; fileRef = E03BBC641C04B8DF0043D252 /* ViewController.swift */; };
		E03BBC681C04B8DF0043D252 /* Main.storyboard in Resources */ = {isa = PBXBuildFile; fileRef = E03BBC661C04B8DF0043D252 /* Main.storyboard */; };
		E03BBC6A1C04B8DF0043D252 /* Assets.xcassets in Resources */ = {isa = PBXBuildFile; fileRef = E03BBC691C04B8DF0043D252 /* Assets.xcassets */; };
		E03BBC6D1C04B8DF0043D252 /* LaunchScreen.storyboard in Resources */ = {isa = PBXBuildFile; fileRef = E03BBC6B1C04B8DF0043D252 /* LaunchScreen.storyboard */; };
/* End PBXBuildFile section */

/* Begin PBXFileReference section */
		E03BBC5F1C04B8DF0043D252 /* HamburguesasEnElMundo.app */ = {isa = PBXFileReference; explicitFileType = wrapper.application; includeInIndex = 0; path = HamburguesasEnElMundo.app; sourceTree = BUILT_PRODUCTS_DIR; };
		E03BBC621C04B8DF0043D252 /* AppDelegate.swift */ = {isa = PBXFileReference; lastKnownFileType = sourcecode.swift; path = AppDelegate.swift; sourceTree = "<group>"; };
		E03BBC641C04B8DF0043D252 /* ViewController.swift */ = {isa = PBXFileReference; lastKnownFileType = sourcecode.swift; path = ViewController.swift; sourceTree = "<group>"; };
		E03BBC671C04B8DF0043D252 /* Base */ = {isa = PBXFileReference; lastKnownFileType = file.storyboard; name = Base; path = Base.lproj/Main.storyboard; sourceTree = "<group>"; };
		E03BBC691C04B8DF0043D252 /* Assets.xcassets */ = {isa = PBXFileReference; lastKnownFileType = folder.assetcatalog; path = Assets.xcassets; sourceTree = "<group>"; };
		E03BBC6C1C04B8DF0043D252 /* Base */ = {isa = PBXFileReference; lastKnownFileType = file.storyboard; name = Base; path = Base.lproj/LaunchScreen.storyboard; sourceTree = "<group>"; };
		E03BBC6E1C04B8DF0043D252 /* Info.plist */ = {isa = PBXFileReference; lastKnownFileType = text.plist.xml; path = Info.plist; sourceTree = "<group>"; };
/* End PBXFileReference section */

/* Begin PBXFrameworksBuildPhase section */
		E03BBC5C1C04B8DF0043D252 /* Frameworks */ = {
			isa = PBXFrameworksBuildPhase;
			buildActionMask = 2147483647;
			files = (
			);
			runOnlyForDeploymentPostprocessing = 0;
		};
/* End PBXFrameworksBuildPhase section */

/* Begin PBXGroup section */
		E03BBC561C04B8DF0043D252 = {
			isa = PBXGroup;
			children = (
				E03BBC611C04B8DF0043D252 /* HamburguesasEnElMundo */,
				E03BBC601C04B8DF0043D252 /* Products */,
			);
			sourceTree = "<group>";
		};
		E03BBC601C04B8DF0043D252 /* Products */ = {
			isa = PBXGroup;
			children = (
				E03BBC5F1C04B8DF0043D252 /* HamburguesasEnElMundo.app */,
			);
			name = Products;
			sourceTree = "<group>";
		};
		E03BBC611C04B8DF0043D252 /* HamburguesasEnElMundo */ = {
			isa = PBXGroup;
			children = (
				E03BBC621C04B8DF0043D252 /* AppDelegate.swift */,
				E03BBC641C04B8DF0043D252 /* ViewController.swift */,
				E03BBC661C04B8DF0043D252 /* Main.storyboard */,
				E03BBC691C04B8DF0043D252 /* Assets.xcassets */,
				E03BBC6B1C04B8DF0043D252 /* LaunchScreen.storyboard */,
				E03BBC6E1C04B8DF0043D252 /* Info.plist */,
			);
			path = HamburguesasEnElMundo;
			sourceTree = "<group>";
		};
/* End PBXGroup section */

/* Begin PBXNativeTarget section */
		E03BBC5E1C04B8DF0043D252 /* HamburguesasEnElMundo */ = {
			isa = PBXNativeTarget;
			buildConfigurationList = E03BBC711C04B8DF0043D252 /* Build configuration list for PBXNativeTarget "HamburguesasEnElMundo" */;
			buildPhases = (
				E03BBC5B1C04B8DF0043D252 /* Sources */,
				E03BBC5C1C04B8DF0043D252 /* Frameworks */,
				E03BBC5D1C04B8DF0043D252 /* Resources */,
			);
			buildRules = (
			);
			dependencies = (
			);
			name = HamburguesasEnElMundo;
			productName = HamburguesasEnElMundo;
			productReference = E03BBC5F1C04B8DF0043D252 /* HamburguesasEnElMundo.app */;
			productType = "com.apple.product-type.application";
		};
/* End PBXNativeTarget section */

/* Begin PBXProject section */
		E03BBC571C04B8DF0043D252 /* Project object */ = {
			isa = PBXProject;
			attributes = {
				LastSwiftUpdateCheck = 0720;
				LastUpgradeCheck = 0720;
				ORGANIZATIONNAME = "juan Burbano";
				TargetAttributes = {
					E03BBC5E1C04B8DF0043D252 = {
						CreatedOnToolsVersion = 7.2;
					};
				};
			};
			buildConfigurationList = E03BBC5A1C04B8DF0043D252 /* Build configuration list for PBXProject "HamburguesasEnElMundo" */;
			compatibilityVersion = "Xcode 3.2";
			developmentRegion = English;
			hasScannedForEncodings = 0;
			knownRegions = (
				en,
				Base,
			);
			mainGroup = E03BBC561C04B8DF0043D252;
			productRefGroup = E03BBC601C04B8DF0043D252 /* Products */;
			projectDirPath = "";
			projectRoot = "";
			targets = (
				E03BBC5E1C04B8DF0043D252 /* HamburguesasEnElMundo */,
			);
		};
/* End PBXProject section */

/* Begin PBXResourcesBuildPhase section */
		E03BBC5D1C04B8DF0043D252 /* Resources */ = {
			isa = PBXResourcesBuildPhase;
			buildActionMask = 2147483647;
			files = (
				E03BBC6D1C04B8DF0043D252 /* LaunchScreen.storyboard in Resources */,
				E03BBC6A1C04B8DF0043D252 /* Assets.xcassets in Resources */,
				E03BBC681C04B8DF0043D252 /* Main.storyboard in Resources */,
			);
			runOnlyForDeploymentPostprocessing = 0;
		};
/* End PBXResourcesBuildPhase section */

/* Begin PBXSourcesBuildPhase section */
		E03BBC5B1C04B8DF0043D252 /* Sources */ = {
			isa = PBXSourcesBuildPhase;
			buildActionMask = 2147483647;
			files = (
				E03BBC651C04B8DF0043D252 /* ViewController.swift in Sources */,
				E03BBC631C04B8DF0043D252 /* AppDelegate.swift in Sources */,
			);
			runOnlyForDeploymentPostprocessing = 0;
		};
/* End PBXSourcesBuildPhase section */

/* Begin PBXVariantGroup section */
		E03BBC661C04B8DF0043D252 /* Main.storyboard */ = {
			isa = PBXVariantGroup;
			children = (
				E03BBC671C04B8DF0043D252 /* Base */,
			);
			name = Main.storyboard;
			sourceTree = "<group>";
		};
		E03BBC6B1C04B8DF0043D252 /* LaunchScreen.storyboard */ = {
			isa = PBXVariantGroup;
			children = (
				E03BBC6C1C04B8DF0043D252 /* Base */,
			);
			name = LaunchScreen.storyboard;
			sourceTree = "<group>";
		};
/* End PBXVariantGroup section */

/* Begin XCBuildConfiguration section */
		E03BBC6F1C04B8DF0043D252 /* Debug */ = {
			isa = XCBuildConfiguration;
			buildSettings = {
				ALWAYS_SEARCH_USER_PATHS = NO;
				CLANG_CXX_LANGUAGE_STANDARD = "gnu++0x";
				CLANG_CXX_LIBRARY = "libc++";
				CLANG_ENABLE_MODULES = YES;
				CLANG_ENABLE_OBJC_ARC = YES;
				CLANG_WARN_BOOL_CONVERSION = YES;
				CLANG_WARN_CONSTANT_CONVERSION = YES;
				CLANG_WARN_DIRECT_OBJC_ISA_USAGE = YES_ERROR;
				CLANG_WARN_EMPTY_BODY = YES;
				CLANG_WARN_ENUM_CONVERSION = YES;
				CLANG_WARN_INT_CONVERSION = YES;
				CLANG_WARN_OBJC_ROOT_CLASS = YES_ERROR;
				CLANG_WARN_UNREACHABLE_CODE = YES;
				CLANG_WARN__DUPLICATE_METHOD_MATCH = YES;
				"CODE_SIGN_IDENTITY[sdk=iphoneos*]" = "iPhone Developer";
				COPY_PHASE_STRIP = NO;
				DEBUG_INFORMATION_FORMAT = dwarf;
				ENABLE_STRICT_OBJC_MSGSEND = YES;
				ENABLE_TESTABILITY = YES;
				GCC_C_LANGUAGE_STANDARD = gnu99;
				GCC_DYNAMIC_NO_PIC = NO;
				GCC_NO_COMMON_BLOCKS = YES;
				GCC_OPTIMIZATION_LEVEL = 0;
				GCC_PREPROCESSOR_DEFINITIONS = (
					"DEBUG=1",
					"$(inherited)",
				);
				GCC_WARN_64_TO_32_BIT_CONVERSION = YES;
				GCC_WARN_ABOUT_RETURN_TYPE = YES_ERROR;
				GCC_WARN_UNDECLARED_SELECTOR = YES;
				GCC_WARN_UNINITIALIZED_AUTOS = YES_AGGRESSIVE;
				GCC_WARN_UNUSED_FUNCTION = YES;
				GCC_WARN_UNUSED_VARIABLE = YES;
				IPHONEOS_DEPLOYMENT_TARGET = 9.2;
				MTL_ENABLE_DEBUG_INFO = YES;
				ONLY_ACTIVE_ARCH = YES;
				SDKROOT = iphoneos;
				SWIFT_OPTIMIZATION_LEVEL = "-Onone";
			};
			name = Debug;
		};
		E03BBC701C04B8DF0043D252 /* Release */ = {
			isa = XCBuildConfiguration;
			buildSettings = {
				ALWAYS_SEARCH_USER_PATHS = NO;
				CLANG_CXX_LANGUAGE_STANDARD = "gnu++0x";
				CLANG_CXX_LIBRARY = "libc++";
				CLANG_ENABLE_MODULES = YES;
				CLANG_ENABLE_OBJC_ARC = YES;
				CLANG_WARN_BOOL_CONVERSION = YES;
				CLANG_WARN_CONSTANT_CONVERSION = YES;
				CLANG_WARN_DIRECT_OBJC_ISA_USAGE = YES_ERROR;
				CLANG_WARN_EMPTY_BODY = YES;
				CLANG_WARN_ENUM_CONVERSION = YES;
				CLANG_WARN_INT_CONVERSION = YES;
				CLANG_WARN_OBJC_ROOT_CLASS = YES_ERROR;
				CLANG_WARN_UNREACHABLE_CODE = YES;
				CLANG_WARN__DUPLICATE_METHOD_MATCH = YES;
				"CODE_SIGN_IDENTITY[sdk=iphoneos*]" = "iPhone Developer";
				COPY_PHASE_STRIP = NO;
				DEBUG_INFORMATION_FORMAT = "dwarf-with-dsym";
				ENABLE_NS_ASSERTIONS = NO;
				ENABLE_STRICT_OBJC_MSGSEND = YES;
				GCC_C_LANGUAGE_STANDARD = gnu99;
				GCC_NO_COMMON_BLOCKS = YES;
				GCC_WARN_64_TO_32_BIT_CONVERSION = YES;
				GCC_WARN_ABOUT_RETURN_TYPE = YES_ERROR;
				GCC_WARN_UNDECLARED_SELECTOR = YES;
				GCC_WARN_UNINITIALIZED_AUTOS = YES_AGGRESSIVE;
				GCC_WARN_UNUSED_FUNCTION = YES;
				GCC_WARN_UNUSED_VARIABLE = YES;
				IPHONEOS_DEPLOYMENT_TARGET = 9.2;
				MTL_ENABLE_DEBUG_INFO = NO;
				SDKROOT = iphoneos;
				VALIDATE_PRODUCT = YES;
			};
			name = Release;
		};
		E03BBC721C04B8DF0043D252 /* Debug */ = {
			isa = XCBuildConfiguration;
			buildSettings = {
				ASSETCATALOG_COMPILER_APPICON_NAME = AppIcon;
				INFOPLIST_FILE = HamburguesasEnElMundo/Info.plist;
				LD_RUNPATH_SEARCH_PATHS = "$(inherited) @executable_path/Frameworks";
				PRODUCT_BUNDLE_IDENTIFIER = ec.milot.HamburguesasEnElMundo;
				PRODUCT_NAME = "$(TARGET_NAME)";
			};
			name = Debug;
		};
		E03BBC731C04B8DF0043D252 /* Release */ = {
			isa = XCBuildConfiguration;
			buildSettings = {
				ASSETCATALOG_COMPILER_APPICON_NAME = AppIcon;
				INFOPLIST_FILE = HamburguesasEnElMundo/Info.plist;
				LD_RUNPATH_SEARCH_PATHS = "$(inherited) @executable_path/Frameworks";
				PRODUCT_BUNDLE_IDENTIFIER = ec.milot.HamburguesasEnElMundo;
				PRODUCT_NAME = "$(TARGET_NAME)";
			};
			name = Release;
		};
/* End XCBuildConfiguration section */

/* Begin XCConfigurationList section */
		E03BBC5A1C04B8DF0043D252 /* Build configuration list for PBXProject "HamburguesasEnElMundo" */ = {
			isa = XCConfigurationList;
			buildConfigurations = (
				E03BBC6F1C04B8DF0043D252 /* Debug */,
				E03BBC701C04B8DF0043D252 /* Release */,
			);
			defaultConfigurationIsVisible = 0;
			defaultConfigurationName = Release;
		};
		E03BBC711C04B8DF0043D252 /* Build configuration list for PBXNativeTarget "HamburguesasEnElMundo" */ = {
			isa = XCConfigurationList;
			buildConfigurations = (
				E03BBC721C04B8DF0043D252 /* Debug */,
				E03BBC731C04B8DF0043D252 /* Release */,
			);
			defaultConfigurationIsVisible = 0;
		};
/* End XCConfigurationList section */
	};
	rootObject = E03BBC571C04B8DF0043D252 /* Project object */;
}
